
Microsoft Visual Studio Solution File, Format Version 12.00
# Visual Studio Version 17
VisualStudioVersion = 17.13.35825.156
MinimumVisualStudioVersion = 10.0.40219.1
Project("{FAE04EC0-301F-11D3-BF4B-00C04F79EFBC}") = "QuanLyDuAn", "QuanLyDuAn\QuanLyDuAn.csproj", "{DB25839E-4F5D-4888-90C5-1D3526F4CBB2}"
EndProject
Project("{FAE04EC0-301F-11D3-BF4B-00C04F79EFBC}") = "WebAPI", "WebAPI\WebAPI.csproj", "{F8B6A646-ABDC-4454-A64D-7A3BD92FB0E4}"
EndProject
Project("{FAE04EC0-301F-11D3-BF4B-00C04F79EFBC}") = "AppView", "AppView\AppView.csproj", "{01E5D582-AD0B-4D23-A82E-42F8B6E3EED8}"
EndProject
Global
	GlobalSection(SolutionConfigurationPlatforms) = preSolution
		Debug|Any CPU = Debug|Any CPU
		Release|Any CPU = Release|Any CPU
	EndGlobalSection
	GlobalSection(ProjectConfigurationPlatforms) = postSolution
		{DB25839E-4F5D-4888-90C5-1D3526F4CBB2}.Debug|Any CPU.ActiveCfg = Debug|Any CPU
		{DB25839E-4F5D-4888-90C5-1D3526F4CBB2}.Debug|Any CPU.Build.0 = Debug|Any CPU
		{DB25839E-4F5D-4888-90C5-1D3526F4CBB2}.Release|Any CPU.ActiveCfg = Release|Any CPU
		{DB25839E-4F5D-4888-90C5-1D3526F4CBB2}.Release|Any CPU.Build.0 = Release|Any CPU
		{F8B6A646-ABDC-4454-A64D-7A3BD92FB0E4}.Debug|Any CPU.ActiveCfg = Debug|Any CPU
		{F8B6A646-ABDC-4454-A64D-7A3BD92FB0E4}.Debug|Any CPU.Build.0 = Debug|Any CPU
		{F8B6A646-ABDC-4454-A64D-7A3BD92FB0E4}.Release|Any CPU.ActiveCfg = Release|Any CPU
		{F8B6A646-ABDC-4454-A64D-7A3BD92FB0E4}.Release|Any CPU.Build.0 = Release|Any CPU
		{01E5D582-AD0B-4D23-A82E-42F8B6E3EED8}.Debug|Any CPU.ActiveCfg = Debug|Any CPU
		{01E5D582-AD0B-4D23-A82E-42F8B6E3EED8}.Debug|Any CPU.Build.0 = Debug|Any CPU
		{01E5D582-AD0B-4D23-A82E-42F8B6E3EED8}.Release|Any CPU.ActiveCfg = Release|Any CPU
		{01E5D582-AD0B-4D23-A82E-42F8B6E3EED8}.Release|Any CPU.Build.0 = Release|Any CPU
	EndGlobalSection
	GlobalSection(SolutionProperties) = preSolution
		HideSolutionNode = FALSE
	EndGlobalSection
	GlobalSection(ExtensibilityGlobals) = postSolution
		SolutionGuid = {5235C7D7-9676-4815-9737-F263E5A267DD}
	EndGlobalSection
EndGlobal
